
Microsoft Visual Studio Solution File, Format Version 12.00
# Visual Studio Version 16
VisualStudioVersion = 16.0.31129.286
MinimumVisualStudioVersion = 10.0.40219.1
Project("{9A19103F-16F7-4668-BE54-9A1E7A4F7556}") = "Mrkwus", "Mrkwus\Mrkwus.csproj", "{421A04DD-D52F-4781-9CB2-19E8EB4F7B43}"
EndProject
Global
	GlobalSection(SolutionConfigurationPlatforms) = preSolution
		Debug|Any CPU = Debug|Any CPU
		Release|Any CPU = Release|Any CPU
	EndGlobalSection
	GlobalSection(ProjectConfigurationPlatforms) = postSolution
		{421A04DD-D52F-4781-9CB2-19E8EB4F7B43}.Debug|Any CPU.ActiveCfg = Debug|Any CPU
		{421A04DD-D52F-4781-9CB2-19E8EB4F7B43}.Debug|Any CPU.Build.0 = Debug|Any CPU
		{421A04DD-D52F-4781-9CB2-19E8EB4F7B43}.Release|Any CPU.ActiveCfg = Release|Any CPU
		{421A04DD-D52F-4781-9CB2-19E8EB4F7B43}.Release|Any CPU.Build.0 = Release|Any CPU
	EndGlobalSection
	GlobalSection(SolutionProperties) = preSolution
		HideSolutionNode = FALSE
	EndGlobalSection
	GlobalSection(ExtensibilityGlobals) = postSolution
		SolutionGuid = {1221C9A6-B94D-4CC8-9B64-F8CC4287D809}
	EndGlobalSection
EndGlobal
